
Microsoft Visual Studio Solution File, Format Version 12.00
# Visual Studio Version 16
VisualStudioVersion = 16.0.31205.134
MinimumVisualStudioVersion = 10.0.40219.1
Project("{FAE04EC0-301F-11D3-BF4B-00C04F79EFBC}") = "WebApplication4", "WebApplication4\WebApplication4.csproj", "{83877360-F0B2-4ECD-B5E5-5089016E311D}"
EndProject
Global
	GlobalSection(SolutionConfigurationPlatforms) = preSolution
		Debug|Any CPU = Debug|Any CPU
		Release|Any CPU = Release|Any CPU
	EndGlobalSection
	GlobalSection(ProjectConfigurationPlatforms) = postSolution
		{83877360-F0B2-4ECD-B5E5-5089016E311D}.Debug|Any CPU.ActiveCfg = Debug|Any CPU
		{83877360-F0B2-4ECD-B5E5-5089016E311D}.Debug|Any CPU.Build.0 = Debug|Any CPU
		{83877360-F0B2-4ECD-B5E5-5089016E311D}.Release|Any CPU.ActiveCfg = Release|Any CPU
		{83877360-F0B2-4ECD-B5E5-5089016E311D}.Release|Any CPU.Build.0 = Release|Any CPU
	EndGlobalSection
	GlobalSection(SolutionProperties) = preSolution
		HideSolutionNode = FALSE
	EndGlobalSection
	GlobalSection(ExtensibilityGlobals) = postSolution
		SolutionGuid = {91EF3849-BDA5-41FF-8046-EF9146ED6719}
	EndGlobalSection
EndGlobal
